
Microsoft Visual Studio Solution File, Format Version 12.00
# Visual Studio Version 17
VisualStudioVersion = 17.14.36414.22 d17.14
MinimumVisualStudioVersion = 10.0.40219.1
Project("{FAE04EC0-301F-11D3-BF4B-00C04F79EFBC}") = "SlicesDemo", "SlicesDemo.csproj", "{8701E387-1EF5-4E4D-AB98-EF1C8A60D58C}"
EndProject
Global
	GlobalSection(SolutionConfigurationPlatforms) = preSolution
		Debug|Any CPU = Debug|Any CPU
		Release|Any CPU = Release|Any CPU
	EndGlobalSection
	GlobalSection(ProjectConfigurationPlatforms) = postSolution
		{8701E387-1EF5-4E4D-AB98-EF1C8A60D58C}.Debug|Any CPU.ActiveCfg = Debug|Any CPU
		{8701E387-1EF5-4E4D-AB98-EF1C8A60D58C}.Debug|Any CPU.Build.0 = Debug|Any CPU
		{8701E387-1EF5-4E4D-AB98-EF1C8A60D58C}.Release|Any CPU.ActiveCfg = Release|Any CPU
		{8701E387-1EF5-4E4D-AB98-EF1C8A60D58C}.Release|Any CPU.Build.0 = Release|Any CPU
	EndGlobalSection
	GlobalSection(SolutionProperties) = preSolution
		HideSolutionNode = FALSE
	EndGlobalSection
	GlobalSection(ExtensibilityGlobals) = postSolution
		SolutionGuid = {9DEED0CE-3E0F-4A3B-B753-7C9CA2360FCD}
	EndGlobalSection
EndGlobal
