
Microsoft Visual Studio Solution File, Format Version 12.00
# Visual Studio Version 17
VisualStudioVersion = 17.14.36414.22 d17.14
MinimumVisualStudioVersion = 10.0.40219.1
Project("{F2A71F9B-5D33-465A-A702-920D77279786}") = "FSharpConcepts", "FSharpConcepts.fsproj", "{8DB8F20E-C0B2-4B6D-9CA8-EBCF0EEA2B1E}"
EndProject
Global
	GlobalSection(SolutionConfigurationPlatforms) = preSolution
		Debug|Any CPU = Debug|Any CPU
		Release|Any CPU = Release|Any CPU
	EndGlobalSection
	GlobalSection(ProjectConfigurationPlatforms) = postSolution
		{8DB8F20E-C0B2-4B6D-9CA8-EBCF0EEA2B1E}.Debug|Any CPU.ActiveCfg = Debug|Any CPU
		{8DB8F20E-C0B2-4B6D-9CA8-EBCF0EEA2B1E}.Debug|Any CPU.Build.0 = Debug|Any CPU
		{8DB8F20E-C0B2-4B6D-9CA8-EBCF0EEA2B1E}.Release|Any CPU.ActiveCfg = Release|Any CPU
		{8DB8F20E-C0B2-4B6D-9CA8-EBCF0EEA2B1E}.Release|Any CPU.Build.0 = Release|Any CPU
	EndGlobalSection
	GlobalSection(SolutionProperties) = preSolution
		HideSolutionNode = FALSE
	EndGlobalSection
	GlobalSection(ExtensibilityGlobals) = postSolution
		SolutionGuid = {49429CB2-D78C-4973-8FAC-7852486F8991}
	EndGlobalSection
EndGlobal
