
Microsoft Visual Studio Solution File, Format Version 12.00
# Visual Studio Version 17
VisualStudioVersion = 17.14.36414.22 d17.14
MinimumVisualStudioVersion = 10.0.40219.1
Project("{FAE04EC0-301F-11D3-BF4B-00C04F79EFBC}") = "CliCtsClsDemo", "CliCtsClsDemo.csproj", "{EE8A90A4-7CAD-4C54-BDB8-B1BAA1C70681}"
EndProject
Global
	GlobalSection(SolutionConfigurationPlatforms) = preSolution
		Debug|Any CPU = Debug|Any CPU
		Release|Any CPU = Release|Any CPU
	EndGlobalSection
	GlobalSection(ProjectConfigurationPlatforms) = postSolution
		{EE8A90A4-7CAD-4C54-BDB8-B1BAA1C70681}.Debug|Any CPU.ActiveCfg = Debug|Any CPU
		{EE8A90A4-7CAD-4C54-BDB8-B1BAA1C70681}.Debug|Any CPU.Build.0 = Debug|Any CPU
		{EE8A90A4-7CAD-4C54-BDB8-B1BAA1C70681}.Release|Any CPU.ActiveCfg = Release|Any CPU
		{EE8A90A4-7CAD-4C54-BDB8-B1BAA1C70681}.Release|Any CPU.Build.0 = Release|Any CPU
	EndGlobalSection
	GlobalSection(SolutionProperties) = preSolution
		HideSolutionNode = FALSE
	EndGlobalSection
	GlobalSection(ExtensibilityGlobals) = postSolution
		SolutionGuid = {A6D0E9DB-5802-44DF-874F-C827A1341520}
	EndGlobalSection
EndGlobal
