
Microsoft Visual Studio Solution File, Format Version 12.00
# Visual Studio Version 17
VisualStudioVersion = 17.14.36414.22 d17.14
MinimumVisualStudioVersion = 10.0.40219.1
Project("{FAE04EC0-301F-11D3-BF4B-00C04F79EFBC}") = "BridgePatternDemo", "BridgePatternDemo.csproj", "{A4866F59-39F2-4363-83CC-4F18115FDBB4}"
EndProject
Global
	GlobalSection(SolutionConfigurationPlatforms) = preSolution
		Debug|Any CPU = Debug|Any CPU
		Release|Any CPU = Release|Any CPU
	EndGlobalSection
	GlobalSection(ProjectConfigurationPlatforms) = postSolution
		{A4866F59-39F2-4363-83CC-4F18115FDBB4}.Debug|Any CPU.ActiveCfg = Debug|Any CPU
		{A4866F59-39F2-4363-83CC-4F18115FDBB4}.Debug|Any CPU.Build.0 = Debug|Any CPU
		{A4866F59-39F2-4363-83CC-4F18115FDBB4}.Release|Any CPU.ActiveCfg = Release|Any CPU
		{A4866F59-39F2-4363-83CC-4F18115FDBB4}.Release|Any CPU.Build.0 = Release|Any CPU
	EndGlobalSection
	GlobalSection(SolutionProperties) = preSolution
		HideSolutionNode = FALSE
	EndGlobalSection
	GlobalSection(ExtensibilityGlobals) = postSolution
		SolutionGuid = {9014C578-606C-4155-9069-EE9BFDD6E54B}
	EndGlobalSection
EndGlobal
