
Microsoft Visual Studio Solution File, Format Version 12.00
# Visual Studio Version 17
VisualStudioVersion = 17.14.36414.22 d17.14
MinimumVisualStudioVersion = 10.0.40219.1
Project("{FAE04EC0-301F-11D3-BF4B-00C04F79EFBC}") = "ASPNETWebAPIDemo", "ASPNETWebAPIDemo.csproj", "{7E019B54-499A-4E2C-B1C5-E51435063C53}"
EndProject
Global
	GlobalSection(SolutionConfigurationPlatforms) = preSolution
		Debug|Any CPU = Debug|Any CPU
		Release|Any CPU = Release|Any CPU
	EndGlobalSection
	GlobalSection(ProjectConfigurationPlatforms) = postSolution
		{7E019B54-499A-4E2C-B1C5-E51435063C53}.Debug|Any CPU.ActiveCfg = Debug|Any CPU
		{7E019B54-499A-4E2C-B1C5-E51435063C53}.Debug|Any CPU.Build.0 = Debug|Any CPU
		{7E019B54-499A-4E2C-B1C5-E51435063C53}.Release|Any CPU.ActiveCfg = Release|Any CPU
		{7E019B54-499A-4E2C-B1C5-E51435063C53}.Release|Any CPU.Build.0 = Release|Any CPU
	EndGlobalSection
	GlobalSection(SolutionProperties) = preSolution
		HideSolutionNode = FALSE
	EndGlobalSection
	GlobalSection(ExtensibilityGlobals) = postSolution
		SolutionGuid = {B838A3D9-7874-4A32-8891-793692099AE8}
	EndGlobalSection
EndGlobal
