
Microsoft Visual Studio Solution File, Format Version 12.00
# Visual Studio Version 17
VisualStudioVersion = 17.14.36414.22 d17.14
MinimumVisualStudioVersion = 10.0.40219.1
Project("{FAE04EC0-301F-11D3-BF4B-00C04F79EFBC}") = "BuilderPatternDemo", "BuilderPatternDemo.csproj", "{62301C54-5EF9-4973-B742-0F13F2D0609B}"
EndProject
Global
	GlobalSection(SolutionConfigurationPlatforms) = preSolution
		Debug|Any CPU = Debug|Any CPU
		Release|Any CPU = Release|Any CPU
	EndGlobalSection
	GlobalSection(ProjectConfigurationPlatforms) = postSolution
		{62301C54-5EF9-4973-B742-0F13F2D0609B}.Debug|Any CPU.ActiveCfg = Debug|Any CPU
		{62301C54-5EF9-4973-B742-0F13F2D0609B}.Debug|Any CPU.Build.0 = Debug|Any CPU
		{62301C54-5EF9-4973-B742-0F13F2D0609B}.Release|Any CPU.ActiveCfg = Release|Any CPU
		{62301C54-5EF9-4973-B742-0F13F2D0609B}.Release|Any CPU.Build.0 = Release|Any CPU
	EndGlobalSection
	GlobalSection(SolutionProperties) = preSolution
		HideSolutionNode = FALSE
	EndGlobalSection
	GlobalSection(ExtensibilityGlobals) = postSolution
		SolutionGuid = {8107F8B2-212B-495B-8D2F-B963AB378BA8}
	EndGlobalSection
EndGlobal
