
Microsoft Visual Studio Solution File, Format Version 12.00
# Visual Studio Version 17
VisualStudioVersion = 17.14.36414.22 d17.14
MinimumVisualStudioVersion = 10.0.40219.1
Project("{FAE04EC0-301F-11D3-BF4B-00C04F79EFBC}") = "FactoryMethodExample", "FactoryMethodExample.csproj", "{94A43CD8-2508-4DBE-A308-82A027F4ACB6}"
EndProject
Global
	GlobalSection(SolutionConfigurationPlatforms) = preSolution
		Debug|Any CPU = Debug|Any CPU
		Release|Any CPU = Release|Any CPU
	EndGlobalSection
	GlobalSection(ProjectConfigurationPlatforms) = postSolution
		{94A43CD8-2508-4DBE-A308-82A027F4ACB6}.Debug|Any CPU.ActiveCfg = Debug|Any CPU
		{94A43CD8-2508-4DBE-A308-82A027F4ACB6}.Debug|Any CPU.Build.0 = Debug|Any CPU
		{94A43CD8-2508-4DBE-A308-82A027F4ACB6}.Release|Any CPU.ActiveCfg = Release|Any CPU
		{94A43CD8-2508-4DBE-A308-82A027F4ACB6}.Release|Any CPU.Build.0 = Release|Any CPU
	EndGlobalSection
	GlobalSection(SolutionProperties) = preSolution
		HideSolutionNode = FALSE
	EndGlobalSection
	GlobalSection(ExtensibilityGlobals) = postSolution
		SolutionGuid = {65843E50-0C01-47B4-9C62-F6A0F4876E74}
	EndGlobalSection
EndGlobal
